
Microsoft Visual Studio Solution File, Format Version 12.00
# Visual Studio 14
VisualStudioVersion = 14.0.25420.1
MinimumVisualStudioVersion = 10.0.40219.1
Project("{FAE04EC0-301F-11D3-BF4B-00C04F79EFBC}") = "Exc4student", "Exc4student\Exc4student.csproj", "{9322C00E-EEA1-405F-A823-B4CD61D34C36}"
EndProject
Global
	GlobalSection(SolutionConfigurationPlatforms) = preSolution
		Debug|Any CPU = Debug|Any CPU
		Release|Any CPU = Release|Any CPU
	EndGlobalSection
	GlobalSection(ProjectConfigurationPlatforms) = postSolution
		{9322C00E-EEA1-405F-A823-B4CD61D34C36}.Debug|Any CPU.ActiveCfg = Debug|Any CPU
		{9322C00E-EEA1-405F-A823-B4CD61D34C36}.Debug|Any CPU.Build.0 = Debug|Any CPU
		{9322C00E-EEA1-405F-A823-B4CD61D34C36}.Release|Any CPU.ActiveCfg = Release|Any CPU
		{9322C00E-EEA1-405F-A823-B4CD61D34C36}.Release|Any CPU.Build.0 = Release|Any CPU
	EndGlobalSection
	GlobalSection(SolutionProperties) = preSolution
		HideSolutionNode = FALSE
	EndGlobalSection
EndGlobal
